
Microsoft Visual Studio Solution File, Format Version 12.00
# Visual Studio Version 16
VisualStudioVersion = 16.0.34301.259
MinimumVisualStudioVersion = 10.0.40219.1
Project("{2150E333-8FDC-42A3-9474-1A3956D46DE8}") = "Task0", "Task0", "{2522D46F-BA8D-4713-B62C-0D58E86AF9B4}"
EndProject
Project("{FAE04EC0-301F-11D3-BF4B-00C04F79EFBC}") = "Tyuiu.RachevES.Sprint6.Task0.V24.Test", "Tyuiu.RachevES.Sprint6.Task0.V24.Test\Tyuiu.RachevES.Sprint6.Task0.V24.Test.csproj", "{7BDFD37E-9D07-416D-A5CE-C4943545A473}"
EndProject
Project("{FAE04EC0-301F-11D3-BF4B-00C04F79EFBC}") = "Tyuiu.RachevES.Sprint6.Task0.V24.Lib", "Tyuiu.RachevES.Sprint6.Task0.V24.Lib\Tyuiu.RachevES.Sprint6.Task0.V24.Lib.csproj", "{4B9B1E1E-B157-46C8-8E67-3F188729829E}"
EndProject
Project("{FAE04EC0-301F-11D3-BF4B-00C04F79EFBC}") = "Tyuiu.RachevES.Sprint6.Task0.V24", "Tyuiu.RachevES.Sprint6.Task0.V24\Tyuiu.RachevES.Sprint6.Task0.V24.csproj", "{361DD925-58D7-4A5C-9866-732918B6F94E}"
EndProject
Project("{2150E333-8FDC-42A3-9474-1A3956D46DE8}") = "Task1", "Task1", "{15CFCF8D-7C0E-43F7-B8CE-73B462C90040}"
EndProject
Project("{FAE04EC0-301F-11D3-BF4B-00C04F79EFBC}") = "Tyuiu.RachevES.Sprint6.Task1.V21.Test", "Tyuiu.RachevES.Sprint6.Task1.V21.Test\Tyuiu.RachevES.Sprint6.Task1.V21.Test.csproj", "{A4869CF2-9DDF-472C-A6E7-EB57E020629D}"
EndProject
Project("{FAE04EC0-301F-11D3-BF4B-00C04F79EFBC}") = "Tyuiu.RachevES.Sprint6.Task1.V21.Lib", "Tyuiu.RachevES.Sprint6.Task1.V21.Lib\Tyuiu.RachevES.Sprint6.Task1.V21.Lib.csproj", "{454660AC-EB20-478A-8246-7866E4042E07}"
EndProject
Project("{FAE04EC0-301F-11D3-BF4B-00C04F79EFBC}") = "Tyuiu.RachevES.Sprint6.Task1.V21", "Tyuiu.RachevES.Sprint6.Task1.V21\Tyuiu.RachevES.Sprint6.Task1.V21.csproj", "{71AD910A-EADB-4789-8E87-EAB5262364CC}"
EndProject
Project("{2150E333-8FDC-42A3-9474-1A3956D46DE8}") = "Task2", "Task2", "{2F0C566A-1222-4AF0-8D38-6E330609276E}"
EndProject
Project("{FAE04EC0-301F-11D3-BF4B-00C04F79EFBC}") = "Tyuiu.RachevES.Sprint6.Task2.V22.Test", "Tyuiu.RachevES.Sprint6.Task2.V22.Test\Tyuiu.RachevES.Sprint6.Task2.V22.Test.csproj", "{3AEAAF5E-99A5-4D8D-A419-0818D926A443}"
EndProject
Project("{FAE04EC0-301F-11D3-BF4B-00C04F79EFBC}") = "Tyuiu.RachevES.Sprint6.Task2.V22.Lib", "Tyuiu.RachevES.Sprint6.Task2.V22.Lib\Tyuiu.RachevES.Sprint6.Task2.V22.Lib.csproj", "{AA3D0AAE-5CBC-4B60-939E-C0E6E0D5BEA4}"
EndProject
Project("{FAE04EC0-301F-11D3-BF4B-00C04F79EFBC}") = "Tyuiu.RachevES.Sprint6.Task2.V22", "Tyuiu.RachevES.Sprint6.Task2.V22\Tyuiu.RachevES.Sprint6.Task2.V22.csproj", "{E4B1EB28-1BF7-4164-82AD-B91CA0E522E3}"
EndProject
Project("{2150E333-8FDC-42A3-9474-1A3956D46DE8}") = "Task3", "Task3", "{61CCF49C-F8AF-4E4D-83EE-DFC524219D10}"
EndProject
Project("{2150E333-8FDC-42A3-9474-1A3956D46DE8}") = "Task4", "Task4", "{986CC759-BDA3-46B5-BBC0-F404161525DC}"
EndProject
Project("{2150E333-8FDC-42A3-9474-1A3956D46DE8}") = "Task5", "Task5", "{B6B9AC88-3746-4441-B001-6763DC37BDFB}"
EndProject
Project("{2150E333-8FDC-42A3-9474-1A3956D46DE8}") = "Task6", "Task6", "{7F6A1F2D-745E-48A0-84F2-72B24E67F576}"
EndProject
Project("{FAE04EC0-301F-11D3-BF4B-00C04F79EFBC}") = "Tyuiu.RachevES.Sprint6.Task3.V18.Test", "Tyuiu.RachevES.Sprint6.Task3.V18.Test\Tyuiu.RachevES.Sprint6.Task3.V18.Test.csproj", "{C5A682E0-643F-4464-84D1-96A05559B115}"
EndProject
Project("{FAE04EC0-301F-11D3-BF4B-00C04F79EFBC}") = "Tyuiu.RachevES.Sprint6.Task3.V18.Lib", "Tyuiu.RachevES.Sprint6.Task3.V18.Lib\Tyuiu.RachevES.Sprint6.Task3.V18.Lib.csproj", "{C639E65A-EF81-4A91-8276-519CADA26AAD}"
EndProject
Project("{FAE04EC0-301F-11D3-BF4B-00C04F79EFBC}") = "Tyuiu.RachevES.Sprint6.Task3.V18", "Tyuiu.RachevES.Sprint6.Task3.V18\Tyuiu.RachevES.Sprint6.Task3.V18.csproj", "{10404708-BC6B-40E4-A8E2-5653CF729342}"
EndProject
Project("{FAE04EC0-301F-11D3-BF4B-00C04F79EFBC}") = "Tyuiu.RachevES.Sprint6.Task4.V17.Test", "Tyuiu.RachevES.Sprint6.Task4.V17.Test\Tyuiu.RachevES.Sprint6.Task4.V17.Test.csproj", "{E0E97505-B5D2-43CD-9617-4344B2F1BC4A}"
EndProject
Project("{FAE04EC0-301F-11D3-BF4B-00C04F79EFBC}") = "Tyuiu.RachevES.Sprint6.Task4.V17.Lib", "Tyuiu.RachevES.Sprint6.Task4.V17.Lib\Tyuiu.RachevES.Sprint6.Task4.V17.Lib.csproj", "{4D3B41F2-D5B0-4F9A-9970-65721D0DA080}"
EndProject
Project("{FAE04EC0-301F-11D3-BF4B-00C04F79EFBC}") = "Tyuiu.RachevES.Sprint6.Task4.V17", "Tyuiu.RachevES.Sprint6.Task4.V17\Tyuiu.RachevES.Sprint6.Task4.V17.csproj", "{042A53DF-E58E-41FE-A3A8-3DBE88448A23}"
EndProject
Project("{FAE04EC0-301F-11D3-BF4B-00C04F79EFBC}") = "Tyuiu.RachevES.Sprint6.Task5.V15.Test", "Tyuiu.RachevES.Sprint6.Task5.V15.Test\Tyuiu.RachevES.Sprint6.Task5.V15.Test.csproj", "{C057B35A-AF52-4903-9471-09FD1796ACE3}"
EndProject
Project("{FAE04EC0-301F-11D3-BF4B-00C04F79EFBC}") = "Tyuiu.RachevES.Sprint6.Task5.V15.Lib", "Tyuiu.RachevES.Sprint6.Task5.V15.Lib\Tyuiu.RachevES.Sprint6.Task5.V15.Lib.csproj", "{867B787A-E10E-4F44-B1D9-FC76ADDFEB2D}"
EndProject
Project("{FAE04EC0-301F-11D3-BF4B-00C04F79EFBC}") = "Tyuiu.RachevES.Sprint6.Task5.V15", "Tyuiu.RachevES.Sprint6.Task5.V15\Tyuiu.RachevES.Sprint6.Task5.V15.csproj", "{C7721A45-A103-4000-974B-3F4D22B6E56D}"
EndProject
Global
	GlobalSection(SolutionConfigurationPlatforms) = preSolution
		Debug|Any CPU = Debug|Any CPU
		Release|Any CPU = Release|Any CPU
	EndGlobalSection
	GlobalSection(ProjectConfigurationPlatforms) = postSolution
		{7BDFD37E-9D07-416D-A5CE-C4943545A473}.Debug|Any CPU.ActiveCfg = Debug|Any CPU
		{7BDFD37E-9D07-416D-A5CE-C4943545A473}.Debug|Any CPU.Build.0 = Debug|Any CPU
		{7BDFD37E-9D07-416D-A5CE-C4943545A473}.Release|Any CPU.ActiveCfg = Release|Any CPU
		{7BDFD37E-9D07-416D-A5CE-C4943545A473}.Release|Any CPU.Build.0 = Release|Any CPU
		{4B9B1E1E-B157-46C8-8E67-3F188729829E}.Debug|Any CPU.ActiveCfg = Debug|Any CPU
		{4B9B1E1E-B157-46C8-8E67-3F188729829E}.Debug|Any CPU.Build.0 = Debug|Any CPU
		{4B9B1E1E-B157-46C8-8E67-3F188729829E}.Release|Any CPU.ActiveCfg = Release|Any CPU
		{4B9B1E1E-B157-46C8-8E67-3F188729829E}.Release|Any CPU.Build.0 = Release|Any CPU
		{361DD925-58D7-4A5C-9866-732918B6F94E}.Debug|Any CPU.ActiveCfg = Debug|Any CPU
		{361DD925-58D7-4A5C-9866-732918B6F94E}.Debug|Any CPU.Build.0 = Debug|Any CPU
		{361DD925-58D7-4A5C-9866-732918B6F94E}.Release|Any CPU.ActiveCfg = Release|Any CPU
		{361DD925-58D7-4A5C-9866-732918B6F94E}.Release|Any CPU.Build.0 = Release|Any CPU
		{A4869CF2-9DDF-472C-A6E7-EB57E020629D}.Debug|Any CPU.ActiveCfg = Debug|Any CPU
		{A4869CF2-9DDF-472C-A6E7-EB57E020629D}.Debug|Any CPU.Build.0 = Debug|Any CPU
		{A4869CF2-9DDF-472C-A6E7-EB57E020629D}.Release|Any CPU.ActiveCfg = Release|Any CPU
		{A4869CF2-9DDF-472C-A6E7-EB57E020629D}.Release|Any CPU.Build.0 = Release|Any CPU
		{454660AC-EB20-478A-8246-7866E4042E07}.Debug|Any CPU.ActiveCfg = Debug|Any CPU
		{454660AC-EB20-478A-8246-7866E4042E07}.Debug|Any CPU.Build.0 = Debug|Any CPU
		{454660AC-EB20-478A-8246-7866E4042E07}.Release|Any CPU.ActiveCfg = Release|Any CPU
		{454660AC-EB20-478A-8246-7866E4042E07}.Release|Any CPU.Build.0 = Release|Any CPU
		{71AD910A-EADB-4789-8E87-EAB5262364CC}.Debug|Any CPU.ActiveCfg = Debug|Any CPU
		{71AD910A-EADB-4789-8E87-EAB5262364CC}.Debug|Any CPU.Build.0 = Debug|Any CPU
		{71AD910A-EADB-4789-8E87-EAB5262364CC}.Release|Any CPU.ActiveCfg = Release|Any CPU
		{71AD910A-EADB-4789-8E87-EAB5262364CC}.Release|Any CPU.Build.0 = Release|Any CPU
		{3AEAAF5E-99A5-4D8D-A419-0818D926A443}.Debug|Any CPU.ActiveCfg = Debug|Any CPU
		{3AEAAF5E-99A5-4D8D-A419-0818D926A443}.Debug|Any CPU.Build.0 = Debug|Any CPU
		{3AEAAF5E-99A5-4D8D-A419-0818D926A443}.Release|Any CPU.ActiveCfg = Release|Any CPU
		{3AEAAF5E-99A5-4D8D-A419-0818D926A443}.Release|Any CPU.Build.0 = Release|Any CPU
		{AA3D0AAE-5CBC-4B60-939E-C0E6E0D5BEA4}.Debug|Any CPU.ActiveCfg = Debug|Any CPU
		{AA3D0AAE-5CBC-4B60-939E-C0E6E0D5BEA4}.Debug|Any CPU.Build.0 = Debug|Any CPU
		{AA3D0AAE-5CBC-4B60-939E-C0E6E0D5BEA4}.Release|Any CPU.ActiveCfg = Release|Any CPU
		{AA3D0AAE-5CBC-4B60-939E-C0E6E0D5BEA4}.Release|Any CPU.Build.0 = Release|Any CPU
		{E4B1EB28-1BF7-4164-82AD-B91CA0E522E3}.Debug|Any CPU.ActiveCfg = Debug|Any CPU
		{E4B1EB28-1BF7-4164-82AD-B91CA0E522E3}.Debug|Any CPU.Build.0 = Debug|Any CPU
		{E4B1EB28-1BF7-4164-82AD-B91CA0E522E3}.Release|Any CPU.ActiveCfg = Release|Any CPU
		{E4B1EB28-1BF7-4164-82AD-B91CA0E522E3}.Release|Any CPU.Build.0 = Release|Any CPU
		{C5A682E0-643F-4464-84D1-96A05559B115}.Debug|Any CPU.ActiveCfg = Debug|Any CPU
		{C5A682E0-643F-4464-84D1-96A05559B115}.Debug|Any CPU.Build.0 = Debug|Any CPU
		{C5A682E0-643F-4464-84D1-96A05559B115}.Release|Any CPU.ActiveCfg = Release|Any CPU
		{C5A682E0-643F-4464-84D1-96A05559B115}.Release|Any CPU.Build.0 = Release|Any CPU
		{C639E65A-EF81-4A91-8276-519CADA26AAD}.Debug|Any CPU.ActiveCfg = Debug|Any CPU
		{C639E65A-EF81-4A91-8276-519CADA26AAD}.Debug|Any CPU.Build.0 = Debug|Any CPU
		{C639E65A-EF81-4A91-8276-519CADA26AAD}.Release|Any CPU.ActiveCfg = Release|Any CPU
		{C639E65A-EF81-4A91-8276-519CADA26AAD}.Release|Any CPU.Build.0 = Release|Any CPU
		{10404708-BC6B-40E4-A8E2-5653CF729342}.Debug|Any CPU.ActiveCfg = Debug|Any CPU
		{10404708-BC6B-40E4-A8E2-5653CF729342}.Debug|Any CPU.Build.0 = Debug|Any CPU
		{10404708-BC6B-40E4-A8E2-5653CF729342}.Release|Any CPU.ActiveCfg = Release|Any CPU
		{10404708-BC6B-40E4-A8E2-5653CF729342}.Release|Any CPU.Build.0 = Release|Any CPU
		{E0E97505-B5D2-43CD-9617-4344B2F1BC4A}.Debug|Any CPU.ActiveCfg = Debug|Any CPU
		{E0E97505-B5D2-43CD-9617-4344B2F1BC4A}.Debug|Any CPU.Build.0 = Debug|Any CPU
		{E0E97505-B5D2-43CD-9617-4344B2F1BC4A}.Release|Any CPU.ActiveCfg = Release|Any CPU
		{E0E97505-B5D2-43CD-9617-4344B2F1BC4A}.Release|Any CPU.Build.0 = Release|Any CPU
		{4D3B41F2-D5B0-4F9A-9970-65721D0DA080}.Debug|Any CPU.ActiveCfg = Debug|Any CPU
		{4D3B41F2-D5B0-4F9A-9970-65721D0DA080}.Debug|Any CPU.Build.0 = Debug|Any CPU
		{4D3B41F2-D5B0-4F9A-9970-65721D0DA080}.Release|Any CPU.ActiveCfg = Release|Any CPU
		{4D3B41F2-D5B0-4F9A-9970-65721D0DA080}.Release|Any CPU.Build.0 = Release|Any CPU
		{042A53DF-E58E-41FE-A3A8-3DBE88448A23}.Debug|Any CPU.ActiveCfg = Debug|Any CPU
		{042A53DF-E58E-41FE-A3A8-3DBE88448A23}.Debug|Any CPU.Build.0 = Debug|Any CPU
		{042A53DF-E58E-41FE-A3A8-3DBE88448A23}.Release|Any CPU.ActiveCfg = Release|Any CPU
		{042A53DF-E58E-41FE-A3A8-3DBE88448A23}.Release|Any CPU.Build.0 = Release|Any CPU
		{C057B35A-AF52-4903-9471-09FD1796ACE3}.Debug|Any CPU.ActiveCfg = Debug|Any CPU
		{C057B35A-AF52-4903-9471-09FD1796ACE3}.Debug|Any CPU.Build.0 = Debug|Any CPU
		{C057B35A-AF52-4903-9471-09FD1796ACE3}.Release|Any CPU.ActiveCfg = Release|Any CPU
		{C057B35A-AF52-4903-9471-09FD1796ACE3}.Release|Any CPU.Build.0 = Release|Any CPU
		{867B787A-E10E-4F44-B1D9-FC76ADDFEB2D}.Debug|Any CPU.ActiveCfg = Debug|Any CPU
		{867B787A-E10E-4F44-B1D9-FC76ADDFEB2D}.Debug|Any CPU.Build.0 = Debug|Any CPU
		{867B787A-E10E-4F44-B1D9-FC76ADDFEB2D}.Release|Any CPU.ActiveCfg = Release|Any CPU
		{867B787A-E10E-4F44-B1D9-FC76ADDFEB2D}.Release|Any CPU.Build.0 = Release|Any CPU
		{C7721A45-A103-4000-974B-3F4D22B6E56D}.Debug|Any CPU.ActiveCfg = Debug|Any CPU
		{C7721A45-A103-4000-974B-3F4D22B6E56D}.Debug|Any CPU.Build.0 = Debug|Any CPU
		{C7721A45-A103-4000-974B-3F4D22B6E56D}.Release|Any CPU.ActiveCfg = Release|Any CPU
		{C7721A45-A103-4000-974B-3F4D22B6E56D}.Release|Any CPU.Build.0 = Release|Any CPU
	EndGlobalSection
	GlobalSection(SolutionProperties) = preSolution
		HideSolutionNode = FALSE
	EndGlobalSection
	GlobalSection(NestedProjects) = preSolution
		{7BDFD37E-9D07-416D-A5CE-C4943545A473} = {2522D46F-BA8D-4713-B62C-0D58E86AF9B4}
		{4B9B1E1E-B157-46C8-8E67-3F188729829E} = {2522D46F-BA8D-4713-B62C-0D58E86AF9B4}
		{361DD925-58D7-4A5C-9866-732918B6F94E} = {2522D46F-BA8D-4713-B62C-0D58E86AF9B4}
		{A4869CF2-9DDF-472C-A6E7-EB57E020629D} = {15CFCF8D-7C0E-43F7-B8CE-73B462C90040}
		{454660AC-EB20-478A-8246-7866E4042E07} = {15CFCF8D-7C0E-43F7-B8CE-73B462C90040}
		{71AD910A-EADB-4789-8E87-EAB5262364CC} = {15CFCF8D-7C0E-43F7-B8CE-73B462C90040}
		{3AEAAF5E-99A5-4D8D-A419-0818D926A443} = {2F0C566A-1222-4AF0-8D38-6E330609276E}
		{AA3D0AAE-5CBC-4B60-939E-C0E6E0D5BEA4} = {2F0C566A-1222-4AF0-8D38-6E330609276E}
		{E4B1EB28-1BF7-4164-82AD-B91CA0E522E3} = {2F0C566A-1222-4AF0-8D38-6E330609276E}
		{C5A682E0-643F-4464-84D1-96A05559B115} = {61CCF49C-F8AF-4E4D-83EE-DFC524219D10}
		{C639E65A-EF81-4A91-8276-519CADA26AAD} = {61CCF49C-F8AF-4E4D-83EE-DFC524219D10}
		{10404708-BC6B-40E4-A8E2-5653CF729342} = {61CCF49C-F8AF-4E4D-83EE-DFC524219D10}
		{E0E97505-B5D2-43CD-9617-4344B2F1BC4A} = {986CC759-BDA3-46B5-BBC0-F404161525DC}
		{4D3B41F2-D5B0-4F9A-9970-65721D0DA080} = {986CC759-BDA3-46B5-BBC0-F404161525DC}
		{042A53DF-E58E-41FE-A3A8-3DBE88448A23} = {986CC759-BDA3-46B5-BBC0-F404161525DC}
		{C057B35A-AF52-4903-9471-09FD1796ACE3} = {B6B9AC88-3746-4441-B001-6763DC37BDFB}
		{867B787A-E10E-4F44-B1D9-FC76ADDFEB2D} = {B6B9AC88-3746-4441-B001-6763DC37BDFB}
		{C7721A45-A103-4000-974B-3F4D22B6E56D} = {B6B9AC88-3746-4441-B001-6763DC37BDFB}
	EndGlobalSection
	GlobalSection(ExtensibilityGlobals) = postSolution
		SolutionGuid = {FB8B6A79-A5CA-464C-95CB-0FEE3FB234E9}
	EndGlobalSection
EndGlobal
